schema: '2.0'
stages:
  test_pipeline:
    cmd: cp data/raw/final_Nemotron_training_data.csv 
      data/raw/final_Nemotron_training_data-new.csv
    deps:
    - path: data/raw/final_Nemotron_training_data.csv
      hash: md5
      md5: 2a179134cacc7d929b70d66839df688f
      size: 13301331
    outs:
    - path: data/raw/final_Nemotron_training_data-new.csv
      hash: md5
      md5: 2a179134cacc7d929b70d66839df688f
      size: 13301331
  begin_pipeline:
    cmd: cp data/raw/final_Nemotron_training_data.csv 
      data/raw/final_Nemotron_training_data-new.csv
    deps:
    - path: data/raw/final_Nemotron_training_data.csv
      hash: md5
      md5: 2a179134cacc7d929b70d66839df688f
      size: 13301331
    outs:
    - path: data/raw/final_Nemotron_training_data-new.csv
      hash: md5
      md5: 2a179134cacc7d929b70d66839df688f
      size: 13301331
  split_data:
    cmd: "python -m src.split_data --data_path data/raw/final_Nemotron_training_data-new.csv
      --train_path data/prepared/train_stratified.csv --seed 31231 --val_path data/prepared/val_stratified.csv
      --val_size 0.1\n"
    deps:
    - path: data/raw/final_Nemotron_training_data-new.csv
      hash: md5
      md5: 2a179134cacc7d929b70d66839df688f
      size: 13301331
    - path: src/split_data.py
      hash: md5
      md5: 9705f8563e081ef01d4aff144db256c9
      size: 3121
    params:
      params.yaml:
        split.val_size: 0.1
        train.seed: 31231
    outs:
    - path: data/prepared/train_stratified.csv
      hash: md5
      md5: 7c50d3cd2464f841673c9f8e1f36fdda
      size: 129819
    - path: data/prepared/val_stratified.csv
      hash: md5
      md5: 3008b66f6e348a6b42c153150a7997b7
      size: 16083
  sft_train:
    cmd: "python -m src.sft_train  --wandb_run_basename baseline-debug --model_id
      nvidia/NVIDIA-Nemotron-3-Nano-4B-BF16 --data gemini_cot --train_path data/prepared/train_stratified.csv
      --seed 31231 --eval_steps 2 --val_path data/prepared/val_stratified.csv --output_dir
      models/sft_baseline_v1 --batch_size 4 --grad_accum 4 --epochs 1\n"
    deps:
    - path: data/prepared/train_stratified.csv
      hash: md5
      md5: 7c50d3cd2464f841673c9f8e1f36fdda
      size: 129819
    - path: data/prepared/val_stratified.csv
      hash: md5
      md5: 3008b66f6e348a6b42c153150a7997b7
      size: 16083
    - path: src/sft_train.py
      hash: md5
      md5: 161f9ad0d5455c35fdbc2f0e338ca597
      size: 4739
    params:
      params.yaml:
        data.dataset_name: gemini_cot
        model.id: nvidia/NVIDIA-Nemotron-3-Nano-4B-BF16
        train.batch_size: 4
        train.epochs: 1
        train.eval_steps: 2
        train.grad_accum: 4
        train.seed: 31231
        wandb.wandb_base_run_name: baseline-debug
    outs:
    - path: models/sft_baseline_v1
      hash: md5
      md5: 3e24a18f3d2ba7f7dbd419ab4b2c42ea.dir
      size: 474237841
      nfiles: 44
  evaluate_checkpoints:
    cmd: "python -m src.evaluate_checkpoints --wandb_run_basename baseline-debug --base_model
      nvidia/NVIDIA-Nemotron-3-Nano-4B-BF16 --val_data data/prepared/val_stratified.csv
      --checkpoints_dir models/sft_baseline_v1 --output_scores data/scores/validation_scores.json\n"
    deps:
    - path: data/prepared/val_stratified.csv
      hash: md5
      md5: 3008b66f6e348a6b42c153150a7997b7
      size: 16083
    - path: models/sft_baseline_v1
      hash: md5
      md5: 5c50ae3fae8b03d4c90035ee58b1cc18.dir
      size: 474248205
      nfiles: 47
    - path: src/evaluate_checkpoints.py
      hash: md5
      md5: d822563ff57848b5a24da02e7f430159
      size: 6384
    params:
      params.yaml:
        model.id: nvidia/NVIDIA-Nemotron-3-Nano-4B-BF16
    outs:
    - path: data/scores/validation_scores.json
      hash: md5
      md5: 26886f48c5c54f8c9c2acedc8f4bc07c
      size: 77
  blend_adapters:
    cmd: "python -m src.blend_adapters --base_model nvidia/NVIDIA-Nemotron-3-Nano-4B-BF16
      --scores_path data/scores/validation_scores.json --checkpoints_dir models/sft_baseline_v1
      --output_best models/lora_best --output_soup models/lora_soup --top_k 5\n"
    deps:
    - path: data/scores/validation_scores.json
      hash: md5
      md5: 26886f48c5c54f8c9c2acedc8f4bc07c
      size: 77
    - path: models/sft_baseline_v1
      hash: md5
      md5: 5c50ae3fae8b03d4c90035ee58b1cc18.dir
      size: 474248205
      nfiles: 47
    - path: src/blend_adapters.py
      hash: md5
      md5: e4060b655eeaa7dbb5d45de1f1c28051
      size: 5155
    params:
      params.yaml:
        evaluate.top_k: 5
        model.id: nvidia/NVIDIA-Nemotron-3-Nano-4B-BF16
    outs:
    - path: models/lora_best
      hash: md5
      md5: b7587533c117f8049f10991f01696469.dir
      size: 138827370
      nfiles: 13
    - path: models/lora_soup
      hash: md5
      md5: 518ec013a6fafd73be64de53d76d43a6.dir
      size: 161970332
      nfiles: 9
