schema: '2.0'
stages:
  test_pipeline:
    cmd: cp data/raw/final_Nemotron_training_data.csv 
      data/raw/final_Nemotron_training_data-new.csv
    deps:
    - path: data/raw/final_Nemotron_training_data.csv
      hash: md5
      md5: 2a179134cacc7d929b70d66839df688f
      size: 13301331
    outs:
    - path: data/raw/final_Nemotron_training_data-new.csv
      hash: md5
      md5: 2a179134cacc7d929b70d66839df688f
      size: 13301331
  begin_pipeline:
    cmd: cp data/raw/final_Nemotron_training_data.csv 
      data/raw/final_Nemotron_training_data-new.csv
    deps:
    - path: data/raw/final_Nemotron_training_data.csv
      hash: md5
      md5: 2a179134cacc7d929b70d66839df688f
      size: 13301331
    outs:
    - path: data/raw/final_Nemotron_training_data-new.csv
      hash: md5
      md5: 2a179134cacc7d929b70d66839df688f
      size: 13301331
  split_data:
    cmd: "python -m src.split_data --data_path data/solved/train-cot.csv --train_path
      data/prepared/train_stratified.csv --seed 31231 --val_path data/prepared/val_stratified.csv
      --val_size 0.1\n"
    deps:
    - path: data/solved/train-cot.csv
      hash: md5
      md5: 820702a1eaf6863c185bd67c4f136347
      size: 11472570
    - path: src/split_data.py
      hash: md5
      md5: c13aae0165db013d5df032bed463e111
      size: 2420
    params:
      params.yaml:
        split.val_size: 0.1
        train.seed: 31231
    outs:
    - path: data/prepared/train_stratified.csv
      hash: md5
      md5: 36b16327a5634b986dc717f4311672ca
      size: 10320443
    - path: data/prepared/val_stratified.csv
      hash: md5
      md5: 6b472afbc430ac68a00f50d610c8bd40
      size: 1152109
  sft_train:
    cmd: "python -m src.sft_train  --wandb_run_basename sft_v0.0.2 --model_id /kaggle/input/models/metric/nemotron-3-nano-30b-a3b-bf16/transformers/default/1
      --data gemini_cot --train_path data/prepared/train_stratified.csv --seed 31231
      --eval_steps 150 --val_path data/prepared/val_stratified.csv --output_dir models/sft_v0.0.2
      --batch_size 2 --grad_accum 16 --epochs 4 --max_hours 10.0\n"
    deps:
    - path: data/prepared/train_stratified.csv
      hash: md5
      md5: 36b16327a5634b986dc717f4311672ca
      size: 10320443
    - path: data/prepared/val_stratified.csv
      hash: md5
      md5: 6b472afbc430ac68a00f50d610c8bd40
      size: 1152109
    - path: src/sft_train.py
      hash: md5
      md5: 8563c1cffd6b7d0998517db52abc9dfc
      size: 6779
    params:
      params.yaml:
        data.dataset_name: gemini_cot
        model.id: 
          /kaggle/input/models/metric/nemotron-3-nano-30b-a3b-bf16/transformers/default/1
        train.batch_size: 2
        train.epochs: 4
        train.eval_steps: 150
        train.grad_accum: 16
        train.max_hours: 10.0
        train.seed: 31231
        wandb.wandb_base_run_name: sft_v0.0.2
    outs:
    - path: models/sft_v0.0.2
      hash: md5
      md5: 94068927982fd8fbda766ff79c8c0b66.dir
      size: 12411357420
      nfiles: 30
  evaluate_checkpoints:
    cmd: "python -m src.evaluate_checkpoints --wandb_run_basename baseline --base_model
      nvidia/NVIDIA-Nemotron-3-Nano-30B-A3B-BF16 --val_data data/prepared/val_stratified.csv
      --checkpoints_dir models/sft_baseline_v1 --output_scores data/scores/validation_scores.json\n"
    deps:
    - path: data/prepared/val_stratified.csv
      hash: md5
      md5: 08ace9607244964b66e4087c0d411e64
      size: 1258381
    - path: models/sft_baseline_v1
      hash: md5
      md5: c3ee832cad69c81093be534f80a2bb83.dir
      size: 33230272286
      nfiles: 87
    - path: src/evaluate_checkpoints.py
      hash: md5
      md5: d822563ff57848b5a24da02e7f430159
      size: 6384
    params:
      params.yaml:
        model.id: nvidia/NVIDIA-Nemotron-3-Nano-30B-A3B-BF16
    outs:
    - path: data/scores/validation_scores.json
      hash: md5
      md5: 1fc4bd1e53476d533dcecf166ae5282c
      size: 256
  blend_adapters:
    cmd: "python -m src.blend_adapters --base_model nvidia/NVIDIA-Nemotron-3-Nano-30B-A3B-BF16
      --scores_path data/scores/validation_scores.json --checkpoints_dir models/sft_baseline_v1
      --output_best models/lora_best --output_soup models/lora_soup --top_k 3\n"
    deps:
    - path: data/scores/validation_scores.json
      hash: md5
      md5: 1fc4bd1e53476d533dcecf166ae5282c
      size: 256
    - path: models/sft_baseline_v1
      hash: md5
      md5: c3ee832cad69c81093be534f80a2bb83.dir
      size: 33230272286
      nfiles: 87
    - path: src/blend_adapters.py
      hash: md5
      md5: e4060b655eeaa7dbb5d45de1f1c28051
      size: 5155
    params:
      params.yaml:
        evaluate.top_k: 3
        model.id: nvidia/NVIDIA-Nemotron-3-Nano-30B-A3B-BF16
    outs:
    - path: models/lora_best
      hash: md5
      md5: 0e170d6c17b82dbb413c55f70218dc11.dir
      size: 5245431014
      nfiles: 13
    - path: models/lora_soup
      hash: md5
      md5: 4a28d58ddcf5cb984f9271c033f3d565.dir
      size: 6961692538
      nfiles: 9
  generate_cot:
    cmd: "python -m src.generate_cot --train_path /kaggle/input/nvidia-nemotron-3-reasoning-challenge/train.csv
      --output_path data/solved/train-cot.csv\n"
    deps:
    - path: /kaggle/input/nvidia-nemotron-3-reasoning-challenge/train.csv
      hash: md5
      md5: d8c87be98a92c6b5398427fc2f02e35a
      size: 3069304
    outs:
    - path: data/solved/train-cot.csv
      hash: md5
      md5: 820702a1eaf6863c185bd67c4f136347
      size: 11472570
